
Microsoft Visual Studio Solution File, Format Version 12.00
# Visual Studio Version 17
VisualStudioVersion = 17.14.37111.16 d17.14
MinimumVisualStudioVersion = 10.0.40219.1
Project("{FAE04EC0-301F-11D3-BF4B-00C04F79EFBC}") = "ConsoleApp1", "ConsoleApp1\ConsoleApp1.csproj", "{96DA8AC7-A365-413F-BAEE-ACEFAD26D9E9}"
EndProject
Global
	GlobalSection(SolutionConfigurationPlatforms) = preSolution
		Debug|Any CPU = Debug|Any CPU
		Release|Any CPU = Release|Any CPU
	EndGlobalSection
	GlobalSection(ProjectConfigurationPlatforms) = postSolution
		{96DA8AC7-A365-413F-BAEE-ACEFAD26D9E9}.Debug|Any CPU.ActiveCfg = Debug|Any CPU
		{96DA8AC7-A365-413F-BAEE-ACEFAD26D9E9}.Debug|Any CPU.Build.0 = Debug|Any CPU
		{96DA8AC7-A365-413F-BAEE-ACEFAD26D9E9}.Release|Any CPU.ActiveCfg = Release|Any CPU
		{96DA8AC7-A365-413F-BAEE-ACEFAD26D9E9}.Release|Any CPU.Build.0 = Release|Any CPU
	EndGlobalSection
	GlobalSection(SolutionProperties) = preSolution
		HideSolutionNode = FALSE
	EndGlobalSection
	GlobalSection(ExtensibilityGlobals) = postSolution
		SolutionGuid = {DD6AE7F6-0857-4BD2-ACF1-89D0666F1EA0}
	EndGlobalSection
EndGlobal
